// !$*UTF8*$!
{
	archiveVersion = 1;
	classes = {
	};
	objectVersion = 60;
	objects = {

/* Begin PBXBuildFile section */
		3119B5A127CF0405000CF40E /* sdk_tvos_exampleApp.swift in Sources */ = {isa = PBXBuildFile; fileRef = 3119B5A027CF0405000CF40E /* sdk_tvos_exampleApp.swift */; };
		3119B5A327CF0405000CF40E /* ContentView.swift in Sources */ = {isa = PBXBuildFile; fileRef = 3119B5A227CF0405000CF40E /* ContentView.swift */; };
		3119B5A527CF0407000CF40E /* Assets.xcassets in Resources */ = {isa = PBXBuildFile; fileRef = 3119B5A427CF0407000CF40E /* Assets.xcassets */; };
		3119B5A827CF0407000CF40E /* Preview Assets.xcassets in Resources */ = {isa = PBXBuildFile; fileRef = 3119B5A727CF0407000CF40E /* Preview Assets.xcassets */; };
		3119B5B927CF05DA000CF40E /* PlayerController.swift in Sources */ = {isa = PBXBuildFile; fileRef = 3119B5B727CF05DA000CF40E /* PlayerController.swift */; };
		3119B5BA27CF05DA000CF40E /* PlayerView.swift in Sources */ = {isa = PBXBuildFile; fileRef = 3119B5B827CF05DA000CF40E /* PlayerView.swift */; };
		7E2AA93B2BBF0608008F52FE /* PlayerViewModel.swift in Sources */ = {isa = PBXBuildFile; fileRef = 7E2AA93A2BBF0608008F52FE /* PlayerViewModel.swift */; };
		7E4E47E22BC5562D00B9CB4F /* Tivio in Frameworks */ = {isa = PBXBuildFile; productRef = 7E4E47E12BC5562D00B9CB4F /* Tivio */; };
/* End PBXBuildFile section */

/* Begin PBXCopyFilesBuildPhase section */
		3119B5B227CF04CF000CF40E /* Embed Frameworks */ = {
			isa = PBXCopyFilesBuildPhase;
			buildActionMask = 2147483647;
			dstPath = "";
			dstSubfolderSpec = 10;
			files = (
			);
			name = "Embed Frameworks";
			runOnlyForDeploymentPostprocessing = 0;
		};
/* End PBXCopyFilesBuildPhase section */

/* Begin PBXFileReference section */
		3119B59D27CF0405000CF40E /* sdk-tvos-example.app */ = {isa = PBXFileReference; explicitFileType = wrapper.application; includeInIndex = 0; path = "sdk-tvos-example.app"; sourceTree = BUILT_PRODUCTS_DIR; };
		3119B5A027CF0405000CF40E /* sdk_tvos_exampleApp.swift */ = {isa = PBXFileReference; lastKnownFileType = sourcecode.swift; path = sdk_tvos_exampleApp.swift; sourceTree = "<group>"; };
		3119B5A227CF0405000CF40E /* ContentView.swift */ = {isa = PBXFileReference; lastKnownFileType = sourcecode.swift; path = ContentView.swift; sourceTree = "<group>"; };
		3119B5A427CF0407000CF40E /* Assets.xcassets */ = {isa = PBXFileReference; lastKnownFileType = folder.assetcatalog; path = Assets.xcassets; sourceTree = "<group>"; };
		3119B5A727CF0407000CF40E /* Preview Assets.xcassets */ = {isa = PBXFileReference; lastKnownFileType = folder.assetcatalog; path = "Preview Assets.xcassets"; sourceTree = "<group>"; };
		3119B5B727CF05DA000CF40E /* PlayerController.swift */ = {isa = PBXFileReference; fileEncoding = 4; lastKnownFileType = sourcecode.swift; path = PlayerController.swift; sourceTree = "<group>"; };
		3119B5B827CF05DA000CF40E /* PlayerView.swift */ = {isa = PBXFileReference; fileEncoding = 4; lastKnownFileType = sourcecode.swift; path = PlayerView.swift; sourceTree = "<group>"; };
		7E2AA93A2BBF0608008F52FE /* PlayerViewModel.swift */ = {isa = PBXFileReference; lastKnownFileType = sourcecode.swift; path = PlayerViewModel.swift; sourceTree = "<group>"; };
/* End PBXFileReference section */

/* Begin PBXFrameworksBuildPhase section */
		3119B59A27CF0405000CF40E /* Frameworks */ = {
			isa = PBXFrameworksBuildPhase;
			buildActionMask = 2147483647;
			files = (
				7E4E47E22BC5562D00B9CB4F /* Tivio in Frameworks */,
			);
			runOnlyForDeploymentPostprocessing = 0;
		};
/* End PBXFrameworksBuildPhase section */

/* Begin PBXGroup section */
		3119B59427CF0405000CF40E = {
			isa = PBXGroup;
			children = (
				3119B59F27CF0405000CF40E /* sdk-tvos-example */,
				3119B59E27CF0405000CF40E /* Products */,
			);
			sourceTree = "<group>";
		};
		3119B59E27CF0405000CF40E /* Products */ = {
			isa = PBXGroup;
			children = (
				3119B59D27CF0405000CF40E /* sdk-tvos-example.app */,
			);
			name = Products;
			sourceTree = "<group>";
		};
		3119B59F27CF0405000CF40E /* sdk-tvos-example */ = {
			isa = PBXGroup;
			children = (
				3119B5A027CF0405000CF40E /* sdk_tvos_exampleApp.swift */,
				3119B5A227CF0405000CF40E /* ContentView.swift */,
				3119B5B727CF05DA000CF40E /* PlayerController.swift */,
				3119B5B827CF05DA000CF40E /* PlayerView.swift */,
				3119B5A427CF0407000CF40E /* Assets.xcassets */,
				3119B5A627CF0407000CF40E /* Preview Content */,
				7E2AA93A2BBF0608008F52FE /* PlayerViewModel.swift */,
			);
			path = "sdk-tvos-example";
			sourceTree = "<group>";
		};
		3119B5A627CF0407000CF40E /* Preview Content */ = {
			isa = PBXGroup;
			children = (
				3119B5A727CF0407000CF40E /* Preview Assets.xcassets */,
			);
			path = "Preview Content";
			sourceTree = "<group>";
		};
/* End PBXGroup section */

/* Begin PBXNativeTarget section */
		3119B59C27CF0405000CF40E /* sdk-tvos-example */ = {
			isa = PBXNativeTarget;
			buildConfigurationList = 3119B5AB27CF0407000CF40E /* Build configuration list for PBXNativeTarget "sdk-tvos-example" */;
			buildPhases = (
				3119B59927CF0405000CF40E /* Sources */,
				3119B59A27CF0405000CF40E /* Frameworks */,
				3119B59B27CF0405000CF40E /* Resources */,
				3119B5B227CF04CF000CF40E /* Embed Frameworks */,
			);
			buildRules = (
			);
			dependencies = (
			);
			name = "sdk-tvos-example";
			packageProductDependencies = (
				7E4E47E12BC5562D00B9CB4F /* Tivio */,
			);
			productName = "sdk-tvos-example";
			productReference = 3119B59D27CF0405000CF40E /* sdk-tvos-example.app */;
			productType = "com.apple.product-type.application";
		};
/* End PBXNativeTarget section */

/* Begin PBXProject section */
		3119B59527CF0405000CF40E /* Project object */ = {
			isa = PBXProject;
			attributes = {
				BuildIndependentTargetsInParallel = 1;
				LastSwiftUpdateCheck = 1320;
				LastUpgradeCheck = 1320;
				TargetAttributes = {
					3119B59C27CF0405000CF40E = {
						CreatedOnToolsVersion = 13.2.1;
					};
				};
			};
			buildConfigurationList = 3119B59827CF0405000CF40E /* Build configuration list for PBXProject "sdk-tvos-example" */;
			compatibilityVersion = "Xcode 13.0";
			developmentRegion = en;
			hasScannedForEncodings = 0;
			knownRegions = (
				en,
				Base,
			);
			mainGroup = 3119B59427CF0405000CF40E;
			packageReferences = (
				7E4E47E02BC5562D00B9CB4F /* XCLocalSwiftPackageReference "../xcode/sdk-tvos" */,
			);
			productRefGroup = 3119B59E27CF0405000CF40E /* Products */;
			projectDirPath = "";
			projectRoot = "";
			targets = (
				3119B59C27CF0405000CF40E /* sdk-tvos-example */,
			);
		};
/* End PBXProject section */

/* Begin PBXResourcesBuildPhase section */
		3119B59B27CF0405000CF40E /* Resources */ = {
			isa = PBXResourcesBuildPhase;
			buildActionMask = 2147483647;
			files = (
				3119B5A827CF0407000CF40E /* Preview Assets.xcassets in Resources */,
				3119B5A527CF0407000CF40E /* Assets.xcassets in Resources */,
			);
			runOnlyForDeploymentPostprocessing = 0;
		};
/* End PBXResourcesBuildPhase section */

/* Begin PBXSourcesBuildPhase section */
		3119B59927CF0405000CF40E /* Sources */ = {
			isa = PBXSourcesBuildPhase;
			buildActionMask = 2147483647;
			files = (
				3119B5A327CF0405000CF40E /* ContentView.swift in Sources */,
				7E2AA93B2BBF0608008F52FE /* PlayerViewModel.swift in Sources */,
				3119B5A127CF0405000CF40E /* sdk_tvos_exampleApp.swift in Sources */,
				3119B5B927CF05DA000CF40E /* PlayerController.swift in Sources */,
				3119B5BA27CF05DA000CF40E /* PlayerView.swift in Sources */,
			);
			runOnlyForDeploymentPostprocessing = 0;
		};
/* End PBXSourcesBuildPhase section */

/* Begin XCBuildConfiguration section */
		3119B5A927CF0407000CF40E /* Debug */ = {
			isa = XCBuildConfiguration;
			buildSettings = {
				ALWAYS_SEARCH_USER_PATHS = NO;
				CLANG_ANALYZER_NONNULL = YES;
				CLANG_ANALYZER_NUMBER_OBJECT_CONVERSION = YES_AGGRESSIVE;
				CLANG_CXX_LANGUAGE_STANDARD = "gnu++17";
				CLANG_CXX_LIBRARY = "libc++";
				CLANG_ENABLE_MODULES = YES;
				CLANG_ENABLE_OBJC_ARC = YES;
				CLANG_ENABLE_OBJC_WEAK = YES;
				CLANG_WARN_BLOCK_CAPTURE_AUTORELEASING = YES;
				CLANG_WARN_BOOL_CONVERSION = YES;
				CLANG_WARN_COMMA = YES;
				CLANG_WARN_CONSTANT_CONVERSION = YES;
				CLANG_WARN_DEPRECATED_OBJC_IMPLEMENTATIONS = YES;
				CLANG_WARN_DIRECT_OBJC_ISA_USAGE = YES_ERROR;
				CLANG_WARN_DOCUMENTATION_COMMENTS = YES;
				CLANG_WARN_EMPTY_BODY = YES;
				CLANG_WARN_ENUM_CONVERSION = YES;
				CLANG_WARN_INFINITE_RECURSION = YES;
				CLANG_WARN_INT_CONVERSION = YES;
				CLANG_WARN_NON_LITERAL_NULL_CONVERSION = YES;
				CLANG_WARN_OBJC_IMPLICIT_RETAIN_SELF = YES;
				CLANG_WARN_OBJC_LITERAL_CONVERSION = YES;
				CLANG_WARN_OBJC_ROOT_CLASS = YES_ERROR;
				CLANG_WARN_QUOTED_INCLUDE_IN_FRAMEWORK_HEADER = YES;
				CLANG_WARN_RANGE_LOOP_ANALYSIS = YES;
				CLANG_WARN_STRICT_PROTOTYPES = YES;
				CLANG_WARN_SUSPICIOUS_MOVE = YES;
				CLANG_WARN_UNGUARDED_AVAILABILITY = YES_AGGRESSIVE;
				CLANG_WARN_UNREACHABLE_CODE = YES;
				CLANG_WARN__DUPLICATE_METHOD_MATCH = YES;
				COPY_PHASE_STRIP = NO;
				DEBUG_INFORMATION_FORMAT = dwarf;
				ENABLE_STRICT_OBJC_MSGSEND = YES;
				ENABLE_TESTABILITY = YES;
				GCC_C_LANGUAGE_STANDARD = gnu11;
				GCC_DYNAMIC_NO_PIC = NO;
				GCC_NO_COMMON_BLOCKS = YES;
				GCC_OPTIMIZATION_LEVEL = 0;
				GCC_PREPROCESSOR_DEFINITIONS = (
					"DEBUG=1",
					"$(inherited)",
				);
				GCC_WARN_64_TO_32_BIT_CONVERSION = YES;
				GCC_WARN_ABOUT_RETURN_TYPE = YES_ERROR;
				GCC_WARN_UNDECLARED_SELECTOR = YES;
				GCC_WARN_UNINITIALIZED_AUTOS = YES_AGGRESSIVE;
				GCC_WARN_UNUSED_FUNCTION = YES;
				GCC_WARN_UNUSED_VARIABLE = YES;
				MTL_ENABLE_DEBUG_INFO = INCLUDE_SOURCE;
				MTL_FAST_MATH = YES;
				ONLY_ACTIVE_ARCH = YES;
				SDKROOT = appletvos;
				SWIFT_ACTIVE_COMPILATION_CONDITIONS = DEBUG;
				SWIFT_OPTIMIZATION_LEVEL = "-Onone";
				TVOS_DEPLOYMENT_TARGET = 15.2;
			};
			name = Debug;
		};
		3119B5AA27CF0407000CF40E /* Release */ = {
			isa = XCBuildConfiguration;
			buildSettings = {
				ALWAYS_SEARCH_USER_PATHS = NO;
				CLANG_ANALYZER_NONNULL = YES;
				CLANG_ANALYZER_NUMBER_OBJECT_CONVERSION = YES_AGGRESSIVE;
				CLANG_CXX_LANGUAGE_STANDARD = "gnu++17";
				CLANG_CXX_LIBRARY = "libc++";
				CLANG_ENABLE_MODULES = YES;
				CLANG_ENABLE_OBJC_ARC = YES;
				CLANG_ENABLE_OBJC_WEAK = YES;
				CLANG_WARN_BLOCK_CAPTURE_AUTORELEASING = YES;
				CLANG_WARN_BOOL_CONVERSION = YES;
				CLANG_WARN_COMMA = YES;
				CLANG_WARN_CONSTANT_CONVERSION = YES;
				CLANG_WARN_DEPRECATED_OBJC_IMPLEMENTATIONS = YES;
				CLANG_WARN_DIRECT_OBJC_ISA_USAGE = YES_ERROR;
				CLANG_WARN_DOCUMENTATION_COMMENTS = YES;
				CLANG_WARN_EMPTY_BODY = YES;
				CLANG_WARN_ENUM_CONVERSION = YES;
				CLANG_WARN_INFINITE_RECURSION = YES;
				CLANG_WARN_INT_CONVERSION = YES;
				CLANG_WARN_NON_LITERAL_NULL_CONVERSION = YES;
				CLANG_WARN_OBJC_IMPLICIT_RETAIN_SELF = YES;
				CLANG_WARN_OBJC_LITERAL_CONVERSION = YES;
				CLANG_WARN_OBJC_ROOT_CLASS = YES_ERROR;
				CLANG_WARN_QUOTED_INCLUDE_IN_FRAMEWORK_HEADER = YES;
				CLANG_WARN_RANGE_LOOP_ANALYSIS = YES;
				CLANG_WARN_STRICT_PROTOTYPES = YES;
				CLANG_WARN_SUSPICIOUS_MOVE = YES;
				CLANG_WARN_UNGUARDED_AVAILABILITY = YES_AGGRESSIVE;
				CLANG_WARN_UNREACHABLE_CODE = YES;
				CLANG_WARN__DUPLICATE_METHOD_MATCH = YES;
				COPY_PHASE_STRIP = NO;
				DEBUG_INFORMATION_FORMAT = "dwarf-with-dsym";
				ENABLE_NS_ASSERTIONS = NO;
				ENABLE_STRICT_OBJC_MSGSEND = YES;
				GCC_C_LANGUAGE_STANDARD = gnu11;
				GCC_NO_COMMON_BLOCKS = YES;
				GCC_WARN_64_TO_32_BIT_CONVERSION = YES;
				GCC_WARN_ABOUT_RETURN_TYPE = YES_ERROR;
				GCC_WARN_UNDECLARED_SELECTOR = YES;
				GCC_WARN_UNINITIALIZED_AUTOS = YES_AGGRESSIVE;
				GCC_WARN_UNUSED_FUNCTION = YES;
				GCC_WARN_UNUSED_VARIABLE = YES;
				MTL_ENABLE_DEBUG_INFO = NO;
				MTL_FAST_MATH = YES;
				SDKROOT = appletvos;
				SWIFT_COMPILATION_MODE = wholemodule;
				SWIFT_OPTIMIZATION_LEVEL = "-O";
				TVOS_DEPLOYMENT_TARGET = 15.2;
				VALIDATE_PRODUCT = YES;
			};
			name = Release;
		};
		3119B5AC27CF0407000CF40E /* Debug */ = {
			isa = XCBuildConfiguration;
			buildSettings = {
				ASSETCATALOG_COMPILER_APPICON_NAME = "App Icon & Top Shelf Image";
				ASSETCATALOG_COMPILER_GLOBAL_ACCENT_COLOR_NAME = AccentColor;
				CODE_SIGN_STYLE = Automatic;
				CURRENT_PROJECT_VERSION = 1;
				DEVELOPMENT_ASSET_PATHS = "\"sdk-tvos-example/Preview Content\"";
				DEVELOPMENT_TEAM = AQNH6X6GWT;
				ENABLE_PREVIEWS = YES;
				FRAMEWORK_SEARCH_PATHS = (
					"$(inherited)",
					"$(PROJECT_DIR)/Carthage/Checkouts/sdk-tvos/Carthage/Build/tvOS",
					"$(PROJECT_DIR)",
					"$(PROJECT_DIR)/Carthage/Checkouts/sdk-tvOS/Carthage/Build/tvOS",
				);
				GENERATE_INFOPLIST_FILE = YES;
				INFOPLIST_KEY_UILaunchScreen_Generation = YES;
				INFOPLIST_KEY_UIUserInterfaceStyle = Automatic;
				LD_RUNPATH_SEARCH_PATHS = (
					"$(inherited)",
					"@executable_path/Frameworks",
				);
				MARKETING_VERSION = 1.0;
				PRODUCT_BUNDLE_IDENTIFIER = "tivio.tvos.sdk-tvos-example";
				PRODUCT_NAME = "$(TARGET_NAME)";
				SWIFT_EMIT_LOC_STRINGS = YES;
				SWIFT_VERSION = 5.0;
				TARGETED_DEVICE_FAMILY = 3;
			};
			name = Debug;
		};
		3119B5AD27CF0407000CF40E /* Release */ = {
			isa = XCBuildConfiguration;
			buildSettings = {
				ASSETCATALOG_COMPILER_APPICON_NAME = "App Icon & Top Shelf Image";
				ASSETCATALOG_COMPILER_GLOBAL_ACCENT_COLOR_NAME = AccentColor;
				CODE_SIGN_STYLE = Automatic;
				CURRENT_PROJECT_VERSION = 1;
				DEVELOPMENT_ASSET_PATHS = "\"sdk-tvos-example/Preview Content\"";
				DEVELOPMENT_TEAM = AQNH6X6GWT;
				ENABLE_PREVIEWS = YES;
				FRAMEWORK_SEARCH_PATHS = (
					"$(inherited)",
					"$(PROJECT_DIR)/Carthage/Checkouts/sdk-tvos/Carthage/Build/tvOS",
					"$(PROJECT_DIR)",
					"$(PROJECT_DIR)/Carthage/Checkouts/sdk-tvOS/Carthage/Build/tvOS",
				);
				GENERATE_INFOPLIST_FILE = YES;
				INFOPLIST_KEY_UILaunchScreen_Generation = YES;
				INFOPLIST_KEY_UIUserInterfaceStyle = Automatic;
				LD_RUNPATH_SEARCH_PATHS = (
					"$(inherited)",
					"@executable_path/Frameworks",
				);
				MARKETING_VERSION = 1.0;
				PRODUCT_BUNDLE_IDENTIFIER = "tivio.tvos.sdk-tvos-example";
				PRODUCT_NAME = "$(TARGET_NAME)";
				SWIFT_EMIT_LOC_STRINGS = YES;
				SWIFT_VERSION = 5.0;
				TARGETED_DEVICE_FAMILY = 3;
			};
			name = Release;
		};
/* End XCBuildConfiguration section */

/* Begin XCConfigurationList section */
		3119B59827CF0405000CF40E /* Build configuration list for PBXProject "sdk-tvos-example" */ = {
			isa = XCConfigurationList;
			buildConfigurations = (
				3119B5A927CF0407000CF40E /* Debug */,
				3119B5AA27CF0407000CF40E /* Release */,
			);
			defaultConfigurationIsVisible = 0;
			defaultConfigurationName = Release;
		};
		3119B5AB27CF0407000CF40E /* Build configuration list for PBXNativeTarget "sdk-tvos-example" */ = {
			isa = XCConfigurationList;
			buildConfigurations = (
				3119B5AC27CF0407000CF40E /* Debug */,
				3119B5AD27CF0407000CF40E /* Release */,
			);
			defaultConfigurationIsVisible = 0;
			defaultConfigurationName = Release;
		};
/* End XCConfigurationList section */

/* Begin XCLocalSwiftPackageReference section */
		7E4E47E02BC5562D00B9CB4F /* XCLocalSwiftPackageReference "../xcode/sdk-tvos" */ = {
			isa = XCLocalSwiftPackageReference;
			relativePath = "../xcode/sdk-tvos";
		};
/* End XCLocalSwiftPackageReference section */

/* Begin XCSwiftPackageProductDependency section */
		7E4E47E12BC5562D00B9CB4F /* Tivio */ = {
			isa = XCSwiftPackageProductDependency;
			productName = Tivio;
		};
/* End XCSwiftPackageProductDependency section */
	};
	rootObject = 3119B59527CF0405000CF40E /* Project object */;
}
