{
  "originHash" : "f3b1eda725f2d74a485086d433886c197df8650800ee06685be27703bf0d46a4",
  "pins" : [
    {
      "identity" : "ads-sdk-tvos",
      "kind" : "remoteSourceControl",
      "location" : "https://github.com/tiviostudio/ads-sdk-tvos",
      "state" : {
        "revision" : "4e5774384e4fb413952a126599e1ada2d8b31a7d",
        "version" : "2.5.3"
      }
    }
  ],
  "version" : 3
}
