{
  "originHash" : "f3b1eda725f2d74a485086d433886c197df8650800ee06685be27703bf0d46a4",
  "pins" : [
    {
      "identity" : "ads-sdk-tvos",
      "kind" : "remoteSourceControl",
      "location" : "https://github.com/tiviostudio/ads-sdk-tvos",
      "state" : {
        "revision" : "1a9c4c4d90fb85525fcccca3e3ecbe8b32df45d2",
        "version" : "2.5.2"
      }
    }
  ],
  "version" : 3
}
