{
  "originHash" : "f3b1eda725f2d74a485086d433886c197df8650800ee06685be27703bf0d46a4",
  "pins" : [
    {
      "identity" : "ads-sdk-tvos",
      "kind" : "remoteSourceControl",
      "location" : "https://github.com/tiviostudio/ads-sdk-tvos",
      "state" : {
        "revision" : "05f646ab19936d5bb57e776a8bc7c88d67655199",
        "version" : "2.5.1"
      }
    }
  ],
  "version" : 3
}
